
Microsoft Visual Studio Solution File, Format Version 12.00
# Visual Studio Version 16
VisualStudioVersion = 16.0.29215.179
MinimumVisualStudioVersion = 10.0.40219.1
Project("{FAE04EC0-301F-11D3-BF4B-00C04F79EFBC}") = "GreenvilleMotto", "GreenvilleMotto\GreenvilleMotto.csproj", "{34083E0F-9CC6-4E54-A551-CBCF2DB50C37}"
EndProject
Global
	GlobalSection(SolutionConfigurationPlatforms) = preSolution
		Debug|Any CPU = Debug|Any CPU
		Release|Any CPU = Release|Any CPU
	EndGlobalSection
	GlobalSection(ProjectConfigurationPlatforms) = postSolution
		{34083E0F-9CC6-4E54-A551-CBCF2DB50C37}.Debug|Any CPU.ActiveCfg = Debug|Any CPU
		{34083E0F-9CC6-4E54-A551-CBCF2DB50C37}.Debug|Any CPU.Build.0 = Debug|Any CPU
		{34083E0F-9CC6-4E54-A551-CBCF2DB50C37}.Release|Any CPU.ActiveCfg = Release|Any CPU
		{34083E0F-9CC6-4E54-A551-CBCF2DB50C37}.Release|Any CPU.Build.0 = Release|Any CPU
	EndGlobalSection
	GlobalSection(SolutionProperties) = preSolution
		HideSolutionNode = FALSE
	EndGlobalSection
	GlobalSection(ExtensibilityGlobals) = postSolution
		SolutionGuid = {88B712E3-2157-4037-9272-CB3501A52A67}
	EndGlobalSection
EndGlobal
